
Microsoft Visual Studio Solution File, Format Version 12.00
# Visual Studio Version 17
VisualStudioVersion = 17.5.33530.505
MinimumVisualStudioVersion = 10.0.40219.1
Project("{FAE04EC0-301F-11D3-BF4B-00C04F79EFBC}") = "Tarea3-JasonTrejos", "Tarea3-JasonTrejos\Tarea3-JasonTrejos.csproj", "{6F893880-AF27-4232-832E-89BF935EC47E}"
EndProject
Global
	GlobalSection(SolutionConfigurationPlatforms) = preSolution
		Debug|Any CPU = Debug|Any CPU
		Release|Any CPU = Release|Any CPU
	EndGlobalSection
	GlobalSection(ProjectConfigurationPlatforms) = postSolution
		{6F893880-AF27-4232-832E-89BF935EC47E}.Debug|Any CPU.ActiveCfg = Debug|Any CPU
		{6F893880-AF27-4232-832E-89BF935EC47E}.Debug|Any CPU.Build.0 = Debug|Any CPU
		{6F893880-AF27-4232-832E-89BF935EC47E}.Release|Any CPU.ActiveCfg = Release|Any CPU
		{6F893880-AF27-4232-832E-89BF935EC47E}.Release|Any CPU.Build.0 = Release|Any CPU
	EndGlobalSection
	GlobalSection(SolutionProperties) = preSolution
		HideSolutionNode = FALSE
	EndGlobalSection
	GlobalSection(ExtensibilityGlobals) = postSolution
		SolutionGuid = {022DF705-E33F-45A2-A1A4-9FE91821F535}
	EndGlobalSection
EndGlobal
